
Microsoft Visual Studio Solution File, Format Version 12.00
# Visual Studio Version 16
VisualStudioVersion = 16.0.31005.135
MinimumVisualStudioVersion = 10.0.40219.1
Project("{FAE04EC0-301F-11D3-BF4B-00C04F79EFBC}") = "ParseDocument", "ParseDocument\ParseDocument.csproj", "{675011CE-2CCD-4E90-8BA8-A403E2689395}"
EndProject
Global
	GlobalSection(SolutionConfigurationPlatforms) = preSolution
		Debug|Any CPU = Debug|Any CPU
		Release|Any CPU = Release|Any CPU
	EndGlobalSection
	GlobalSection(ProjectConfigurationPlatforms) = postSolution
		{675011CE-2CCD-4E90-8BA8-A403E2689395}.Debug|Any CPU.ActiveCfg = Debug|Any CPU
		{675011CE-2CCD-4E90-8BA8-A403E2689395}.Debug|Any CPU.Build.0 = Debug|Any CPU
		{675011CE-2CCD-4E90-8BA8-A403E2689395}.Release|Any CPU.ActiveCfg = Release|Any CPU
		{675011CE-2CCD-4E90-8BA8-A403E2689395}.Release|Any CPU.Build.0 = Release|Any CPU
	EndGlobalSection
	GlobalSection(SolutionProperties) = preSolution
		HideSolutionNode = FALSE
	EndGlobalSection
	GlobalSection(ExtensibilityGlobals) = postSolution
		SolutionGuid = {88A30D4A-946B-4902-A0AE-44E716A44F6B}
	EndGlobalSection
EndGlobal
